// !$*UTF8*$!
{
	archiveVersion = 1;
	classes = {
	};
	objectVersion = 56;
	objects = {

/* Begin PBXBuildFile section */
		0E03F9992A66A5F1006E8FCD /* FetchGroupManager.swift in Sources */ = {isa = PBXBuildFile; fileRef = 0E03F9982A66A5F1006E8FCD /* FetchGroupManager.swift */; };
		0E03F99B2A66DD6F006E8FCD /* PHAsset+.swift in Sources */ = {isa = PBXBuildFile; fileRef = 0E03F99A2A66DD6F006E8FCD /* PHAsset+.swift */; };
		0E309FCE2A5DA70300191B3B /* EmailLoginManager.swift in Sources */ = {isa = PBXBuildFile; fileRef = 0E309FCD2A5DA70300191B3B /* EmailLoginManager.swift */; };
		0E309FD02A5DA71E00191B3B /* LoginMainView.swift in Sources */ = {isa = PBXBuildFile; fileRef = 0E309FCF2A5DA71E00191B3B /* LoginMainView.swift */; };
		0E309FD22A5DA72A00191B3B /* EmailTextField.swift in Sources */ = {isa = PBXBuildFile; fileRef = 0E309FD12A5DA72A00191B3B /* EmailTextField.swift */; };
		0E309FD42A5DA73500191B3B /* EmailSignUpView.swift in Sources */ = {isa = PBXBuildFile; fileRef = 0E309FD32A5DA73500191B3B /* EmailSignUpView.swift */; };
		0E309FD62A5DA74A00191B3B /* LoginButton.swift in Sources */ = {isa = PBXBuildFile; fileRef = 0E309FD52A5DA74A00191B3B /* LoginButton.swift */; };
		0E309FD82A5DA75E00191B3B /* EmailSignInView.swift in Sources */ = {isa = PBXBuildFile; fileRef = 0E309FD72A5DA75E00191B3B /* EmailSignInView.swift */; };
		0E309FDA2A5DA77500191B3B /* EmailLoginViewModel.swift in Sources */ = {isa = PBXBuildFile; fileRef = 0E309FD92A5DA77500191B3B /* EmailLoginViewModel.swift */; };
		0E309FDD2A5DA7F900191B3B /* UserAuthManager.swift in Sources */ = {isa = PBXBuildFile; fileRef = 0E309FDC2A5DA7F900191B3B /* UserAuthManager.swift */; };
		0E309FDF2A5EEF7E00191B3B /* FollowManagementManager.swift in Sources */ = {isa = PBXBuildFile; fileRef = 0E309FDE2A5EEF7E00191B3B /* FollowManagementManager.swift */; };
		0E6C5F942A6559A4006FECEE /* ProfileGroupView.swift in Sources */ = {isa = PBXBuildFile; fileRef = 0E6C5F932A6559A4006FECEE /* ProfileGroupView.swift */; };
		0E6C5F972A655B95006FECEE /* CreateGroupView.swift in Sources */ = {isa = PBXBuildFile; fileRef = 0E6C5F962A655B95006FECEE /* CreateGroupView.swift */; };
		0E6C5F992A655D30006FECEE /* CreateGroupViewModel.swift in Sources */ = {isa = PBXBuildFile; fileRef = 0E6C5F982A655D30006FECEE /* CreateGroupViewModel.swift */; };
		0E6CC3222A5AA09000BE97AD /* GroupingApp.swift in Sources */ = {isa = PBXBuildFile; fileRef = 0E6CC3212A5AA09000BE97AD /* GroupingApp.swift */; };
		0E6CC3242A5AA09000BE97AD /* ContentView.swift in Sources */ = {isa = PBXBuildFile; fileRef = 0E6CC3232A5AA09000BE97AD /* ContentView.swift */; };
		0E6CC3262A5AA09100BE97AD /* Assets.xcassets in Resources */ = {isa = PBXBuildFile; fileRef = 0E6CC3252A5AA09100BE97AD /* Assets.xcassets */; };
		0E6CC3292A5AA09100BE97AD /* Preview Assets.xcassets in Resources */ = {isa = PBXBuildFile; fileRef = 0E6CC3282A5AA09100BE97AD /* Preview Assets.xcassets */; };
		0E6CC3412A5AC08900BE97AD /* View+.swift in Sources */ = {isa = PBXBuildFile; fileRef = 0E6CC3402A5AC08900BE97AD /* View+.swift */; };
		0E6CC3442A5AC0B900BE97AD /* RoundedCorner.swift in Sources */ = {isa = PBXBuildFile; fileRef = 0E6CC3432A5AC0B900BE97AD /* RoundedCorner.swift */; };
		0E6CC3472A5AC1CF00BE97AD /* Constant.swift in Sources */ = {isa = PBXBuildFile; fileRef = 0E6CC3462A5AC1CF00BE97AD /* Constant.swift */; };
		0E6CC34E2A5ACB5B00BE97AD /* User.swift in Sources */ = {isa = PBXBuildFile; fileRef = 0E6CC34C2A5ACB5B00BE97AD /* User.swift */; };
		0E6CC34F2A5ACCD800BE97AD /* Post.swift in Sources */ = {isa = PBXBuildFile; fileRef = 0E6CC34B2A5ACB5B00BE97AD /* Post.swift */; };
		0E6CC3502A5ACD8100BE97AD /* PostView.swift in Sources */ = {isa = PBXBuildFile; fileRef = 0E6CC33D2A5AAA7000BE97AD /* PostView.swift */; };
		0E8DBF1F2A64112F00D374DF /* FetchPostManager.swift in Sources */ = {isa = PBXBuildFile; fileRef = 0E8DBF1E2A64112F00D374DF /* FetchPostManager.swift */; };
		0E8DBF212A64138B00D374DF /* Publisher+.swift in Sources */ = {isa = PBXBuildFile; fileRef = 0E8DBF202A64138B00D374DF /* Publisher+.swift */; };
		0E8DBF242A6419A000D374DF /* ProfileView.swift in Sources */ = {isa = PBXBuildFile; fileRef = 0E8DBF232A6419A000D374DF /* ProfileView.swift */; };
		0E8DBF262A6419D600D374DF /* ProfileViewModel.swift in Sources */ = {isa = PBXBuildFile; fileRef = 0E8DBF252A6419D600D374DF /* ProfileViewModel.swift */; };
		0E8DBF282A641C0D00D374DF /* Notification.Name+.swift in Sources */ = {isa = PBXBuildFile; fileRef = 0E8DBF272A641C0D00D374DF /* Notification.Name+.swift */; };
		0E8DBF2B2A64297100D374DF /* PostFeedView.swift in Sources */ = {isa = PBXBuildFile; fileRef = 0E8DBF2A2A64297100D374DF /* PostFeedView.swift */; };
		0E8DBF2D2A6429CB00D374DF /* PostFeedViewModel.swift in Sources */ = {isa = PBXBuildFile; fileRef = 0E8DBF2C2A6429CB00D374DF /* PostFeedViewModel.swift */; };
		0E90B8752A5C1BA9006725B1 /* UIColor+.swift in Sources */ = {isa = PBXBuildFile; fileRef = 0E90B8742A5C1BA9006725B1 /* UIColor+.swift */; };
		0E90B8772A5C1BBC006725B1 /* Color+.swift in Sources */ = {isa = PBXBuildFile; fileRef = 0E90B8762A5C1BBC006725B1 /* Color+.swift */; };
		0E90B8802A5C4674006725B1 /* GoogleService-Info.plist in Resources */ = {isa = PBXBuildFile; fileRef = 0E90B87F2A5C4674006725B1 /* GoogleService-Info.plist */; };
		0EF94C282A601C9F00557CD8 /* PostManagementManager.swift in Sources */ = {isa = PBXBuildFile; fileRef = 0EF94C272A601C9F00557CD8 /* PostManagementManager.swift */; };
		0EF94C2B2A615ECA00557CD8 /* GroupManagementManager.swift in Sources */ = {isa = PBXBuildFile; fileRef = 0EF94C2A2A615ECA00557CD8 /* GroupManagementManager.swift */; };
		0EF94C2D2A615F4100557CD8 /* Group.swift in Sources */ = {isa = PBXBuildFile; fileRef = 0EF94C2C2A615F4100557CD8 /* Group.swift */; };
		0EF94C2F2A6279DD00557CD8 /* MainTabView.swift in Sources */ = {isa = PBXBuildFile; fileRef = 0EF94C2E2A6279DD00557CD8 /* MainTabView.swift */; };
		0EF94C332A627FD800557CD8 /* SelectImageView.swift in Sources */ = {isa = PBXBuildFile; fileRef = 0EF94C322A627FD800557CD8 /* SelectImageView.swift */; };
		0EF94C352A62865900557CD8 /* UIView+.swift in Sources */ = {isa = PBXBuildFile; fileRef = 0EF94C342A62865900557CD8 /* UIView+.swift */; };
		0EF94C382A6286B800557CD8 /* UITabBar+.swift in Sources */ = {isa = PBXBuildFile; fileRef = 0EF94C372A6286B800557CD8 /* UITabBar+.swift */; };
		0EF94C3B2A62874600557CD8 /* HiddenTabBar.swift in Sources */ = {isa = PBXBuildFile; fileRef = 0EF94C3A2A62874600557CD8 /* HiddenTabBar.swift */; };
		0EF94C3D2A62878700557CD8 /* ShowTabBar.swift in Sources */ = {isa = PBXBuildFile; fileRef = 0EF94C3C2A62878700557CD8 /* ShowTabBar.swift */; };
		0EF94C402A629C4C00557CD8 /* SelectedImage.swift in Sources */ = {isa = PBXBuildFile; fileRef = 0EF94C3F2A629C4C00557CD8 /* SelectedImage.swift */; };
		0EF94C422A62A0D800557CD8 /* PostUploadViewModel.swift in Sources */ = {isa = PBXBuildFile; fileRef = 0EF94C412A62A0D800557CD8 /* PostUploadViewModel.swift */; };
		0EF94C442A62B18B00557CD8 /* PhotoLibrary.swift in Sources */ = {isa = PBXBuildFile; fileRef = 0EF94C432A62B18B00557CD8 /* PhotoLibrary.swift */; };
		0EF94C472A63B99500557CD8 /* PostContentWriteView.swift in Sources */ = {isa = PBXBuildFile; fileRef = 0EF94C462A63B99500557CD8 /* PostContentWriteView.swift */; };
		0EF94C4A2A63BE1500557CD8 /* TextView.swift in Sources */ = {isa = PBXBuildFile; fileRef = 0EF94C492A63BE1500557CD8 /* TextView.swift */; };
		0EF94C4D2A63CA4C00557CD8 /* TagView.swift in Sources */ = {isa = PBXBuildFile; fileRef = 0EF94C4C2A63CA4C00557CD8 /* TagView.swift */; };
		EE3CB0E3416E552B5ED21608 /* Pods_Grouping.framework in Frameworks */ = {isa = PBXBuildFile; fileRef = 3DA3BB0D1585E6F5FBDAB73B /* Pods_Grouping.framework */; };
/* End PBXBuildFile section */

/* Begin PBXFileReference section */
		0E03F9982A66A5F1006E8FCD /* FetchGroupManager.swift */ = {isa = PBXFileReference; lastKnownFileType = sourcecode.swift; path = FetchGroupManager.swift; sourceTree = "<group>"; };
		0E03F99A2A66DD6F006E8FCD /* PHAsset+.swift */ = {isa = PBXFileReference; lastKnownFileType = sourcecode.swift; path = "PHAsset+.swift"; sourceTree = "<group>"; };
		0E309FCD2A5DA70300191B3B /* EmailLoginManager.swift */ = {isa = PBXFileReference; fileEncoding = 4; lastKnownFileType = sourcecode.swift; path = EmailLoginManager.swift; sourceTree = "<group>"; };
		0E309FCF2A5DA71E00191B3B /* LoginMainView.swift */ = {isa = PBXFileReference; fileEncoding = 4; lastKnownFileType = sourcecode.swift; path = LoginMainView.swift; sourceTree = "<group>"; };
		0E309FD12A5DA72A00191B3B /* EmailTextField.swift */ = {isa = PBXFileReference; fileEncoding = 4; lastKnownFileType = sourcecode.swift; path = EmailTextField.swift; sourceTree = "<group>"; };
		0E309FD32A5DA73500191B3B /* EmailSignUpView.swift */ = {isa = PBXFileReference; fileEncoding = 4; lastKnownFileType = sourcecode.swift; path = EmailSignUpView.swift; sourceTree = "<group>"; };
		0E309FD52A5DA74A00191B3B /* LoginButton.swift */ = {isa = PBXFileReference; fileEncoding = 4; lastKnownFileType = sourcecode.swift; path = LoginButton.swift; sourceTree = "<group>"; };
		0E309FD72A5DA75E00191B3B /* EmailSignInView.swift */ = {isa = PBXFileReference; fileEncoding = 4; lastKnownFileType = sourcecode.swift; name = EmailSignInView.swift; path = Grouping/View/Lgoin/Email/SignIn/EmailSignInView.swift; sourceTree = SOURCE_ROOT; };
		0E309FD92A5DA77500191B3B /* EmailLoginViewModel.swift */ = {isa = PBXFileReference; fileEncoding = 4; lastKnownFileType = sourcecode.swift; name = EmailLoginViewModel.swift; path = Email/EmailLoginViewModel.swift; sourceTree = "<group>"; };
		0E309FDC2A5DA7F900191B3B /* UserAuthManager.swift */ = {isa = PBXFileReference; lastKnownFileType = sourcecode.swift; path = UserAuthManager.swift; sourceTree = "<group>"; };
		0E309FDE2A5EEF7E00191B3B /* FollowManagementManager.swift */ = {isa = PBXFileReference; lastKnownFileType = sourcecode.swift; path = FollowManagementManager.swift; sourceTree = "<group>"; };
		0E6C5F932A6559A4006FECEE /* ProfileGroupView.swift */ = {isa = PBXFileReference; lastKnownFileType = sourcecode.swift; path = ProfileGroupView.swift; sourceTree = "<group>"; };
		0E6C5F962A655B95006FECEE /* CreateGroupView.swift */ = {isa = PBXFileReference; lastKnownFileType = sourcecode.swift; path = CreateGroupView.swift; sourceTree = "<group>"; };
		0E6C5F982A655D30006FECEE /* CreateGroupViewModel.swift */ = {isa = PBXFileReference; lastKnownFileType = sourcecode.swift; path = CreateGroupViewModel.swift; sourceTree = "<group>"; };
		0E6CC31E2A5AA09000BE97AD /* Grouping.app */ = {isa = PBXFileReference; explicitFileType = wrapper.application; includeInIndex = 0; path = Grouping.app; sourceTree = BUILT_PRODUCTS_DIR; };
		0E6CC3212A5AA09000BE97AD /* GroupingApp.swift */ = {isa = PBXFileReference; lastKnownFileType = sourcecode.swift; path = GroupingApp.swift; sourceTree = "<group>"; };
		0E6CC3232A5AA09000BE97AD /* ContentView.swift */ = {isa = PBXFileReference; lastKnownFileType = sourcecode.swift; path = ContentView.swift; sourceTree = "<group>"; };
		0E6CC3252A5AA09100BE97AD /* Assets.xcassets */ = {isa = PBXFileReference; lastKnownFileType = folder.assetcatalog; path = Assets.xcassets; sourceTree = "<group>"; };
		0E6CC3282A5AA09100BE97AD /* Preview Assets.xcassets */ = {isa = PBXFileReference; lastKnownFileType = folder.assetcatalog; path = "Preview Assets.xcassets"; sourceTree = "<group>"; };
		0E6CC33D2A5AAA7000BE97AD /* PostView.swift */ = {isa = PBXFileReference; lastKnownFileType = sourcecode.swift; path = PostView.swift; sourceTree = "<group>"; };
		0E6CC3402A5AC08900BE97AD /* View+.swift */ = {isa = PBXFileReference; lastKnownFileType = sourcecode.swift; path = "View+.swift"; sourceTree = "<group>"; };
		0E6CC3432A5AC0B900BE97AD /* RoundedCorner.swift */ = {isa = PBXFileReference; lastKnownFileType = sourcecode.swift; path = RoundedCorner.swift; sourceTree = "<group>"; };
		0E6CC3462A5AC1CF00BE97AD /* Constant.swift */ = {isa = PBXFileReference; lastKnownFileType = sourcecode.swift; path = Constant.swift; sourceTree = "<group>"; };
		0E6CC34B2A5ACB5B00BE97AD /* Post.swift */ = {isa = PBXFileReference; fileEncoding = 4; lastKnownFileType = sourcecode.swift; path = Post.swift; sourceTree = "<group>"; };
		0E6CC34C2A5ACB5B00BE97AD /* User.swift */ = {isa = PBXFileReference; fileEncoding = 4; lastKnownFileType = sourcecode.swift; path = User.swift; sourceTree = "<group>"; };
		0E8DBF1E2A64112F00D374DF /* FetchPostManager.swift */ = {isa = PBXFileReference; lastKnownFileType = sourcecode.swift; path = FetchPostManager.swift; sourceTree = "<group>"; };
		0E8DBF202A64138B00D374DF /* Publisher+.swift */ = {isa = PBXFileReference; lastKnownFileType = sourcecode.swift; path = "Publisher+.swift"; sourceTree = "<group>"; };
		0E8DBF232A6419A000D374DF /* ProfileView.swift */ = {isa = PBXFileReference; lastKnownFileType = sourcecode.swift; path = ProfileView.swift; sourceTree = "<group>"; };
		0E8DBF252A6419D600D374DF /* ProfileViewModel.swift */ = {isa = PBXFileReference; lastKnownFileType = sourcecode.swift; path = ProfileViewModel.swift; sourceTree = "<group>"; };
		0E8DBF272A641C0D00D374DF /* Notification.Name+.swift */ = {isa = PBXFileReference; lastKnownFileType = sourcecode.swift; path = "Notification.Name+.swift"; sourceTree = "<group>"; };
		0E8DBF2A2A64297100D374DF /* PostFeedView.swift */ = {isa = PBXFileReference; lastKnownFileType = sourcecode.swift; path = PostFeedView.swift; sourceTree = "<group>"; };
		0E8DBF2C2A6429CB00D374DF /* PostFeedViewModel.swift */ = {isa = PBXFileReference; lastKnownFileType = sourcecode.swift; path = PostFeedViewModel.swift; sourceTree = "<group>"; };
		0E90B8742A5C1BA9006725B1 /* UIColor+.swift */ = {isa = PBXFileReference; lastKnownFileType = sourcecode.swift; path = "UIColor+.swift"; sourceTree = "<group>"; };
		0E90B8762A5C1BBC006725B1 /* Color+.swift */ = {isa = PBXFileReference; lastKnownFileType = sourcecode.swift; path = "Color+.swift"; sourceTree = "<group>"; };
		0E90B87F2A5C4674006725B1 /* GoogleService-Info.plist */ = {isa = PBXFileReference; fileEncoding = 4; lastKnownFileType = text.plist.xml; path = "GoogleService-Info.plist"; sourceTree = "<group>"; };
		0EF94C272A601C9F00557CD8 /* PostManagementManager.swift */ = {isa = PBXFileReference; lastKnownFileType = sourcecode.swift; path = PostManagementManager.swift; sourceTree = "<group>"; };
		0EF94C2A2A615ECA00557CD8 /* GroupManagementManager.swift */ = {isa = PBXFileReference; lastKnownFileType = sourcecode.swift; path = GroupManagementManager.swift; sourceTree = "<group>"; };
		0EF94C2C2A615F4100557CD8 /* Group.swift */ = {isa = PBXFileReference; lastKnownFileType = sourcecode.swift; path = Group.swift; sourceTree = "<group>"; };
		0EF94C2E2A6279DD00557CD8 /* MainTabView.swift */ = {isa = PBXFileReference; lastKnownFileType = sourcecode.swift; path = MainTabView.swift; sourceTree = "<group>"; };
		0EF94C322A627FD800557CD8 /* SelectImageView.swift */ = {isa = PBXFileReference; lastKnownFileType = sourcecode.swift; path = SelectImageView.swift; sourceTree = "<group>"; };
		0EF94C342A62865900557CD8 /* UIView+.swift */ = {isa = PBXFileReference; lastKnownFileType = sourcecode.swift; path = "UIView+.swift"; sourceTree = "<group>"; };
		0EF94C372A6286B800557CD8 /* UITabBar+.swift */ = {isa = PBXFileReference; lastKnownFileType = sourcecode.swift; path = "UITabBar+.swift"; sourceTree = "<group>"; };
		0EF94C3A2A62874600557CD8 /* HiddenTabBar.swift */ = {isa = PBXFileReference; lastKnownFileType = sourcecode.swift; path = HiddenTabBar.swift; sourceTree = "<group>"; };
		0EF94C3C2A62878700557CD8 /* ShowTabBar.swift */ = {isa = PBXFileReference; lastKnownFileType = sourcecode.swift; path = ShowTabBar.swift; sourceTree = "<group>"; };
		0EF94C3F2A629C4C00557CD8 /* SelectedImage.swift */ = {isa = PBXFileReference; lastKnownFileType = sourcecode.swift; path = SelectedImage.swift; sourceTree = "<group>"; };
		0EF94C412A62A0D800557CD8 /* PostUploadViewModel.swift */ = {isa = PBXFileReference; lastKnownFileType = sourcecode.swift; path = PostUploadViewModel.swift; sourceTree = "<group>"; };
		0EF94C432A62B18B00557CD8 /* PhotoLibrary.swift */ = {isa = PBXFileReference; lastKnownFileType = sourcecode.swift; path = PhotoLibrary.swift; sourceTree = "<group>"; };
		0EF94C452A62B2CC00557CD8 /* Info.plist */ = {isa = PBXFileReference; lastKnownFileType = text.plist; path = Info.plist; sourceTree = "<group>"; };
		0EF94C462A63B99500557CD8 /* PostContentWriteView.swift */ = {isa = PBXFileReference; lastKnownFileType = sourcecode.swift; path = PostContentWriteView.swift; sourceTree = "<group>"; };
		0EF94C492A63BE1500557CD8 /* TextView.swift */ = {isa = PBXFileReference; lastKnownFileType = sourcecode.swift; path = TextView.swift; sourceTree = "<group>"; };
		0EF94C4C2A63CA4C00557CD8 /* TagView.swift */ = {isa = PBXFileReference; lastKnownFileType = sourcecode.swift; path = TagView.swift; sourceTree = "<group>"; };
		131C136F5F1EDBF40127D035 /* Pods-Grouping.debug.xcconfig */ = {isa = PBXFileReference; includeInIndex = 1; lastKnownFileType = text.xcconfig; name = "Pods-Grouping.debug.xcconfig"; path = "Target Support Files/Pods-Grouping/Pods-Grouping.debug.xcconfig"; sourceTree = "<group>"; };
		3DA3BB0D1585E6F5FBDAB73B /* Pods_Grouping.framework */ = {isa = PBXFileReference; explicitFileType = wrapper.framework; includeInIndex = 0; path = Pods_Grouping.framework; sourceTree = BUILT_PRODUCTS_DIR; };
		7A1BBE5FB9020C2134FAE514 /* Pods-Grouping.release.xcconfig */ = {isa = PBXFileReference; includeInIndex = 1; lastKnownFileType = text.xcconfig; name = "Pods-Grouping.release.xcconfig"; path = "Target Support Files/Pods-Grouping/Pods-Grouping.release.xcconfig"; sourceTree = "<group>"; };
/* End PBXFileReference section */

/* Begin PBXFrameworksBuildPhase section */
		0E6CC31B2A5AA09000BE97AD /* Frameworks */ = {
			isa = PBXFrameworksBuildPhase;
			buildActionMask = 2147483647;
			files = (
				EE3CB0E3416E552B5ED21608 /* Pods_Grouping.framework in Frameworks */,
			);
			runOnlyForDeploymentPostprocessing = 0;
		};
/* End PBXFrameworksBuildPhase section */

/* Begin PBXGroup section */
		0E309FC02A5D726C00191B3B /* SignUp */ = {
			isa = PBXGroup;
			children = (
				0E309FD32A5DA73500191B3B /* EmailSignUpView.swift */,
			);
			path = SignUp;
			sourceTree = "<group>";
		};
		0E309FC32A5D795E00191B3B /* Manager */ = {
			isa = PBXGroup;
			children = (
				0EF94C292A615EBD00557CD8 /* Group */,
				0EF94C262A601C8F00557CD8 /* Post */,
				0E309FDB2A5DA7F100191B3B /* User */,
				0E309FC62A5D797900191B3B /* Login */,
				0EF94C432A62B18B00557CD8 /* PhotoLibrary.swift */,
			);
			path = Manager;
			sourceTree = "<group>";
		};
		0E309FC62A5D797900191B3B /* Login */ = {
			isa = PBXGroup;
			children = (
				0E309FCD2A5DA70300191B3B /* EmailLoginManager.swift */,
			);
			path = Login;
			sourceTree = "<group>";
		};
		0E309FC92A5D7BBA00191B3B /* Email */ = {
			isa = PBXGroup;
			children = (
				0E309FC02A5D726C00191B3B /* SignUp */,
				0E90B86E2A5C19D9006725B1 /* SignIn */,
			);
			path = Email;
			sourceTree = "<group>";
		};
		0E309FDB2A5DA7F100191B3B /* User */ = {
			isa = PBXGroup;
			children = (
				0E309FDC2A5DA7F900191B3B /* UserAuthManager.swift */,
				0E309FDE2A5EEF7E00191B3B /* FollowManagementManager.swift */,
			);
			path = User;
			sourceTree = "<group>";
		};
		0E6C5F912A655993006FECEE /* User */ = {
			isa = PBXGroup;
			children = (
				0E8DBF232A6419A000D374DF /* ProfileView.swift */,
			);
			path = User;
			sourceTree = "<group>";
		};
		0E6C5F922A65599A006FECEE /* Group */ = {
			isa = PBXGroup;
			children = (
				0E6C5F932A6559A4006FECEE /* ProfileGroupView.swift */,
			);
			path = Group;
			sourceTree = "<group>";
		};
		0E6C5F952A655B74006FECEE /* CreateGroup */ = {
			isa = PBXGroup;
			children = (
				0E6C5F962A655B95006FECEE /* CreateGroupView.swift */,
				0E6C5F982A655D30006FECEE /* CreateGroupViewModel.swift */,
			);
			path = CreateGroup;
			sourceTree = "<group>";
		};
		0E6CC3152A5AA09000BE97AD = {
			isa = PBXGroup;
			children = (
				0E6CC3202A5AA09000BE97AD /* Grouping */,
				0E6CC31F2A5AA09000BE97AD /* Products */,
				EF84001F01399143AD725B77 /* Pods */,
				97FCB75F1562CA337CFE90BC /* Frameworks */,
			);
			sourceTree = "<group>";
		};
		0E6CC31F2A5AA09000BE97AD /* Products */ = {
			isa = PBXGroup;
			children = (
				0E6CC31E2A5AA09000BE97AD /* Grouping.app */,
			);
			name = Products;
			sourceTree = "<group>";
		};
		0E6CC3202A5AA09000BE97AD /* Grouping */ = {
			isa = PBXGroup;
			children = (
				0EF94C452A62B2CC00557CD8 /* Info.plist */,
				0EF94C392A62873700557CD8 /* ViewModifiers */,
				0E309FC32A5D795E00191B3B /* Manager */,
				0E6CC34A2A5ACB4F00BE97AD /* Model */,
				0E6CC3452A5AC1BA00BE97AD /* Application */,
				0E6CC33F2A5AC08300BE97AD /* Extension */,
				0E6CC33C2A5AAA6200BE97AD /* View */,
				0E6CC3272A5AA09100BE97AD /* Preview Content */,
			);
			path = Grouping;
			sourceTree = "<group>";
		};
		0E6CC3272A5AA09100BE97AD /* Preview Content */ = {
			isa = PBXGroup;
			children = (
				0E6CC3282A5AA09100BE97AD /* Preview Assets.xcassets */,
			);
			path = "Preview Content";
			sourceTree = "<group>";
		};
		0E6CC33C2A5AAA6200BE97AD /* View */ = {
			isa = PBXGroup;
			children = (
				0E8DBF292A64296700D374DF /* Feed */,
				0E8DBF222A64199800D374DF /* Profile */,
				0EF94C482A63BE0500557CD8 /* UIKitView */,
				0EF94C312A627F8000557CD8 /* UploadPost */,
				0E6C5F952A655B74006FECEE /* CreateGroup */,
				0EF94C302A6279DF00557CD8 /* Tab */,
				0E90B86D2A5C19CE006725B1 /* Lgoin */,
				0E6CC3422A5AC0A900BE97AD /* Common */,
				0E6CC33D2A5AAA7000BE97AD /* PostView.swift */,
			);
			path = View;
			sourceTree = "<group>";
		};
		0E6CC33F2A5AC08300BE97AD /* Extension */ = {
			isa = PBXGroup;
			children = (
				0EF94C362A6286A600557CD8 /* UIKit */,
				0E6CC3402A5AC08900BE97AD /* View+.swift */,
				0E90B8762A5C1BBC006725B1 /* Color+.swift */,
				0E8DBF202A64138B00D374DF /* Publisher+.swift */,
				0E8DBF272A641C0D00D374DF /* Notification.Name+.swift */,
				0E03F99A2A66DD6F006E8FCD /* PHAsset+.swift */,
			);
			path = Extension;
			sourceTree = "<group>";
		};
		0E6CC3422A5AC0A900BE97AD /* Common */ = {
			isa = PBXGroup;
			children = (
				0E6CC3432A5AC0B900BE97AD /* RoundedCorner.swift */,
				0EF94C4C2A63CA4C00557CD8 /* TagView.swift */,
			);
			path = Common;
			sourceTree = "<group>";
		};
		0E6CC3452A5AC1BA00BE97AD /* Application */ = {
			isa = PBXGroup;
			children = (
				0E90B87F2A5C4674006725B1 /* GoogleService-Info.plist */,
				0E6CC3212A5AA09000BE97AD /* GroupingApp.swift */,
				0E6CC3232A5AA09000BE97AD /* ContentView.swift */,
				0E6CC3252A5AA09100BE97AD /* Assets.xcassets */,
				0E6CC3462A5AC1CF00BE97AD /* Constant.swift */,
			);
			path = Application;
			sourceTree = "<group>";
		};
		0E6CC34A2A5ACB4F00BE97AD /* Model */ = {
			isa = PBXGroup;
			children = (
				0E6CC34B2A5ACB5B00BE97AD /* Post.swift */,
				0E6CC34C2A5ACB5B00BE97AD /* User.swift */,
				0EF94C2C2A615F4100557CD8 /* Group.swift */,
			);
			path = Model;
			sourceTree = "<group>";
		};
		0E8DBF222A64199800D374DF /* Profile */ = {
			isa = PBXGroup;
			children = (
				0E6C5F922A65599A006FECEE /* Group */,
				0E6C5F912A655993006FECEE /* User */,
				0E8DBF252A6419D600D374DF /* ProfileViewModel.swift */,
			);
			path = Profile;
			sourceTree = "<group>";
		};
		0E8DBF292A64296700D374DF /* Feed */ = {
			isa = PBXGroup;
			children = (
				0E8DBF2A2A64297100D374DF /* PostFeedView.swift */,
				0E8DBF2C2A6429CB00D374DF /* PostFeedViewModel.swift */,
			);
			path = Feed;
			sourceTree = "<group>";
		};
		0E90B86D2A5C19CE006725B1 /* Lgoin */ = {
			isa = PBXGroup;
			children = (
				0E309FCF2A5DA71E00191B3B /* LoginMainView.swift */,
				0E90B8782A5C3970006725B1 /* CommonView */,
				0E309FC92A5D7BBA00191B3B /* Email */,
				0E309FD92A5DA77500191B3B /* EmailLoginViewModel.swift */,
			);
			path = Lgoin;
			sourceTree = "<group>";
		};
		0E90B86E2A5C19D9006725B1 /* SignIn */ = {
			isa = PBXGroup;
			children = (
				0E90B8712A5C1ACA006725B1 /* View */,
			);
			path = SignIn;
			sourceTree = "<group>";
		};
		0E90B8712A5C1ACA006725B1 /* View */ = {
			isa = PBXGroup;
			children = (
				0E309FD72A5DA75E00191B3B /* EmailSignInView.swift */,
				0E309FD52A5DA74A00191B3B /* LoginButton.swift */,
			);
			path = View;
			sourceTree = "<group>";
		};
		0E90B8782A5C3970006725B1 /* CommonView */ = {
			isa = PBXGroup;
			children = (
				0E309FD12A5DA72A00191B3B /* EmailTextField.swift */,
			);
			path = CommonView;
			sourceTree = "<group>";
		};
		0EF94C262A601C8F00557CD8 /* Post */ = {
			isa = PBXGroup;
			children = (
				0EF94C272A601C9F00557CD8 /* PostManagementManager.swift */,
				0E8DBF1E2A64112F00D374DF /* FetchPostManager.swift */,
			);
			path = Post;
			sourceTree = "<group>";
		};
		0EF94C292A615EBD00557CD8 /* Group */ = {
			isa = PBXGroup;
			children = (
				0EF94C2A2A615ECA00557CD8 /* GroupManagementManager.swift */,
				0E03F9982A66A5F1006E8FCD /* FetchGroupManager.swift */,
			);
			path = Group;
			sourceTree = "<group>";
		};
		0EF94C302A6279DF00557CD8 /* Tab */ = {
			isa = PBXGroup;
			children = (
				0EF94C2E2A6279DD00557CD8 /* MainTabView.swift */,
			);
			path = Tab;
			sourceTree = "<group>";
		};
		0EF94C312A627F8000557CD8 /* UploadPost */ = {
			isa = PBXGroup;
			children = (
				0EF94C3E2A629C3400557CD8 /* SelectImage */,
				0EF94C462A63B99500557CD8 /* PostContentWriteView.swift */,
			);
			path = UploadPost;
			sourceTree = "<group>";
		};
		0EF94C362A6286A600557CD8 /* UIKit */ = {
			isa = PBXGroup;
			children = (
				0E90B8742A5C1BA9006725B1 /* UIColor+.swift */,
				0EF94C342A62865900557CD8 /* UIView+.swift */,
				0EF94C372A6286B800557CD8 /* UITabBar+.swift */,
			);
			path = UIKit;
			sourceTree = "<group>";
		};
		0EF94C392A62873700557CD8 /* ViewModifiers */ = {
			isa = PBXGroup;
			children = (
				0EF94C3A2A62874600557CD8 /* HiddenTabBar.swift */,
				0EF94C3C2A62878700557CD8 /* ShowTabBar.swift */,
			);
			path = ViewModifiers;
			sourceTree = "<group>";
		};
		0EF94C3E2A629C3400557CD8 /* SelectImage */ = {
			isa = PBXGroup;
			children = (
				0EF94C322A627FD800557CD8 /* SelectImageView.swift */,
				0EF94C3F2A629C4C00557CD8 /* SelectedImage.swift */,
				0EF94C412A62A0D800557CD8 /* PostUploadViewModel.swift */,
			);
			path = SelectImage;
			sourceTree = "<group>";
		};
		0EF94C482A63BE0500557CD8 /* UIKitView */ = {
			isa = PBXGroup;
			children = (
				0EF94C492A63BE1500557CD8 /* TextView.swift */,
			);
			path = UIKitView;
			sourceTree = "<group>";
		};
		97FCB75F1562CA337CFE90BC /* Frameworks */ = {
			isa = PBXGroup;
			children = (
				3DA3BB0D1585E6F5FBDAB73B /* Pods_Grouping.framework */,
			);
			name = Frameworks;
			sourceTree = "<group>";
		};
		EF84001F01399143AD725B77 /* Pods */ = {
			isa = PBXGroup;
			children = (
				131C136F5F1EDBF40127D035 /* Pods-Grouping.debug.xcconfig */,
				7A1BBE5FB9020C2134FAE514 /* Pods-Grouping.release.xcconfig */,
			);
			path = Pods;
			sourceTree = "<group>";
		};
/* End PBXGroup section */

/* Begin PBXNativeTarget section */
		0E6CC31D2A5AA09000BE97AD /* Grouping */ = {
			isa = PBXNativeTarget;
			buildConfigurationList = 0E6CC32C2A5AA09100BE97AD /* Build configuration list for PBXNativeTarget "Grouping" */;
			buildPhases = (
				FE512AC39081DA5F22DF17BE /* [CP] Check Pods Manifest.lock */,
				0E6CC31A2A5AA09000BE97AD /* Sources */,
				0E6CC31B2A5AA09000BE97AD /* Frameworks */,
				0E6CC31C2A5AA09000BE97AD /* Resources */,
				8A7EB111E1260087EB3B05E8 /* [CP] Embed Pods Frameworks */,
			);
			buildRules = (
			);
			dependencies = (
			);
			name = Grouping;
			productName = Grouping;
			productReference = 0E6CC31E2A5AA09000BE97AD /* Grouping.app */;
			productType = "com.apple.product-type.application";
		};
/* End PBXNativeTarget section */

/* Begin PBXProject section */
		0E6CC3162A5AA09000BE97AD /* Project object */ = {
			isa = PBXProject;
			attributes = {
				BuildIndependentTargetsInParallel = 1;
				LastSwiftUpdateCheck = 1430;
				LastUpgradeCheck = 1430;
				TargetAttributes = {
					0E6CC31D2A5AA09000BE97AD = {
						CreatedOnToolsVersion = 14.3;
					};
				};
			};
			buildConfigurationList = 0E6CC3192A5AA09000BE97AD /* Build configuration list for PBXProject "Grouping" */;
			compatibilityVersion = "Xcode 14.0";
			developmentRegion = ko;
			hasScannedForEncodings = 0;
			knownRegions = (
				en,
				Base,
				ko,
			);
			mainGroup = 0E6CC3152A5AA09000BE97AD;
			productRefGroup = 0E6CC31F2A5AA09000BE97AD /* Products */;
			projectDirPath = "";
			projectRoot = "";
			targets = (
				0E6CC31D2A5AA09000BE97AD /* Grouping */,
			);
		};
/* End PBXProject section */

/* Begin PBXResourcesBuildPhase section */
		0E6CC31C2A5AA09000BE97AD /* Resources */ = {
			isa = PBXResourcesBuildPhase;
			buildActionMask = 2147483647;
			files = (
				0E6CC3292A5AA09100BE97AD /* Preview Assets.xcassets in Resources */,
				0E6CC3262A5AA09100BE97AD /* Assets.xcassets in Resources */,
				0E90B8802A5C4674006725B1 /* GoogleService-Info.plist in Resources */,
			);
			runOnlyForDeploymentPostprocessing = 0;
		};
/* End PBXResourcesBuildPhase section */

/* Begin PBXShellScriptBuildPhase section */
		8A7EB111E1260087EB3B05E8 /* [CP] Embed Pods Frameworks */ = {
			isa = PBXShellScriptBuildPhase;
			buildActionMask = 2147483647;
			files = (
			);
			inputFileListPaths = (
				"${PODS_ROOT}/Target Support Files/Pods-Grouping/Pods-Grouping-frameworks-${CONFIGURATION}-input-files.xcfilelist",
			);
			name = "[CP] Embed Pods Frameworks";
			outputFileListPaths = (
				"${PODS_ROOT}/Target Support Files/Pods-Grouping/Pods-Grouping-frameworks-${CONFIGURATION}-output-files.xcfilelist",
			);
			runOnlyForDeploymentPostprocessing = 0;
			shellPath = /bin/sh;
			shellScript = "\"${PODS_ROOT}/Target Support Files/Pods-Grouping/Pods-Grouping-frameworks.sh\"\n";
			showEnvVarsInLog = 0;
		};
		FE512AC39081DA5F22DF17BE /* [CP] Check Pods Manifest.lock */ = {
			isa = PBXShellScriptBuildPhase;
			buildActionMask = 2147483647;
			files = (
			);
			inputFileListPaths = (
			);
			inputPaths = (
				"${PODS_PODFILE_DIR_PATH}/Podfile.lock",
				"${PODS_ROOT}/Manifest.lock",
			);
			name = "[CP] Check Pods Manifest.lock";
			outputFileListPaths = (
			);
			outputPaths = (
				"$(DERIVED_FILE_DIR)/Pods-Grouping-checkManifestLockResult.txt",
			);
			runOnlyForDeploymentPostprocessing = 0;
			shellPath = /bin/sh;
			shellScript = "diff \"${PODS_PODFILE_DIR_PATH}/Podfile.lock\" \"${PODS_ROOT}/Manifest.lock\" > /dev/null\nif [ $? != 0 ] ; then\n    # print error to STDERR\n    echo \"error: The sandbox is not in sync with the Podfile.lock. Run 'pod install' or update your CocoaPods installation.\" >&2\n    exit 1\nfi\n# This output is used by Xcode 'outputs' to avoid re-running this script phase.\necho \"SUCCESS\" > \"${SCRIPT_OUTPUT_FILE_0}\"\n";
			showEnvVarsInLog = 0;
		};
/* End PBXShellScriptBuildPhase section */

/* Begin PBXSourcesBuildPhase section */
		0E6CC31A2A5AA09000BE97AD /* Sources */ = {
			isa = PBXSourcesBuildPhase;
			buildActionMask = 2147483647;
			files = (
				0E309FD22A5DA72A00191B3B /* EmailTextField.swift in Sources */,
				0E8DBF282A641C0D00D374DF /* Notification.Name+.swift in Sources */,
				0E8DBF2B2A64297100D374DF /* PostFeedView.swift in Sources */,
				0E309FDF2A5EEF7E00191B3B /* FollowManagementManager.swift in Sources */,
				0E6CC3502A5ACD8100BE97AD /* PostView.swift in Sources */,
				0EF94C472A63B99500557CD8 /* PostContentWriteView.swift in Sources */,
				0E03F99B2A66DD6F006E8FCD /* PHAsset+.swift in Sources */,
				0EF94C402A629C4C00557CD8 /* SelectedImage.swift in Sources */,
				0EF94C422A62A0D800557CD8 /* PostUploadViewModel.swift in Sources */,
				0E8DBF242A6419A000D374DF /* ProfileView.swift in Sources */,
				0E90B8772A5C1BBC006725B1 /* Color+.swift in Sources */,
				0E6C5F992A655D30006FECEE /* CreateGroupViewModel.swift in Sources */,
				0EF94C282A601C9F00557CD8 /* PostManagementManager.swift in Sources */,
				0E8DBF212A64138B00D374DF /* Publisher+.swift in Sources */,
				0EF94C382A6286B800557CD8 /* UITabBar+.swift in Sources */,
				0E309FD82A5DA75E00191B3B /* EmailSignInView.swift in Sources */,
				0EF94C332A627FD800557CD8 /* SelectImageView.swift in Sources */,
				0E6CC34F2A5ACCD800BE97AD /* Post.swift in Sources */,
				0EF94C4A2A63BE1500557CD8 /* TextView.swift in Sources */,
				0E6CC3412A5AC08900BE97AD /* View+.swift in Sources */,
				0E6CC3442A5AC0B900BE97AD /* RoundedCorner.swift in Sources */,
				0EF94C2F2A6279DD00557CD8 /* MainTabView.swift in Sources */,
				0EF94C2B2A615ECA00557CD8 /* GroupManagementManager.swift in Sources */,
				0E8DBF262A6419D600D374DF /* ProfileViewModel.swift in Sources */,
				0EF94C4D2A63CA4C00557CD8 /* TagView.swift in Sources */,
				0E8DBF2D2A6429CB00D374DF /* PostFeedViewModel.swift in Sources */,
				0E90B8752A5C1BA9006725B1 /* UIColor+.swift in Sources */,
				0EF94C3B2A62874600557CD8 /* HiddenTabBar.swift in Sources */,
				0E6C5F942A6559A4006FECEE /* ProfileGroupView.swift in Sources */,
				0EF94C2D2A615F4100557CD8 /* Group.swift in Sources */,
				0E6CC3242A5AA09000BE97AD /* ContentView.swift in Sources */,
				0E309FDA2A5DA77500191B3B /* EmailLoginViewModel.swift in Sources */,
				0E309FCE2A5DA70300191B3B /* EmailLoginManager.swift in Sources */,
				0E6CC34E2A5ACB5B00BE97AD /* User.swift in Sources */,
				0EF94C442A62B18B00557CD8 /* PhotoLibrary.swift in Sources */,
				0E6CC3222A5AA09000BE97AD /* GroupingApp.swift in Sources */,
				0E03F9992A66A5F1006E8FCD /* FetchGroupManager.swift in Sources */,
				0E309FD02A5DA71E00191B3B /* LoginMainView.swift in Sources */,
				0E309FDD2A5DA7F900191B3B /* UserAuthManager.swift in Sources */,
				0E8DBF1F2A64112F00D374DF /* FetchPostManager.swift in Sources */,
				0E6C5F972A655B95006FECEE /* CreateGroupView.swift in Sources */,
				0E309FD42A5DA73500191B3B /* EmailSignUpView.swift in Sources */,
				0EF94C3D2A62878700557CD8 /* ShowTabBar.swift in Sources */,
				0E309FD62A5DA74A00191B3B /* LoginButton.swift in Sources */,
				0E6CC3472A5AC1CF00BE97AD /* Constant.swift in Sources */,
				0EF94C352A62865900557CD8 /* UIView+.swift in Sources */,
			);
			runOnlyForDeploymentPostprocessing = 0;
		};
/* End PBXSourcesBuildPhase section */

/* Begin XCBuildConfiguration section */
		0E6CC32A2A5AA09100BE97AD /* Debug */ = {
			isa = XCBuildConfiguration;
			buildSettings = {
				ALWAYS_SEARCH_USER_PATHS = NO;
				CLANG_ANALYZER_NONNULL = YES;
				CLANG_ANALYZER_NUMBER_OBJECT_CONVERSION = YES_AGGRESSIVE;
				CLANG_CXX_LANGUAGE_STANDARD = "gnu++20";
				CLANG_ENABLE_MODULES = YES;
				CLANG_ENABLE_OBJC_ARC = YES;
				CLANG_ENABLE_OBJC_WEAK = YES;
				CLANG_WARN_BLOCK_CAPTURE_AUTORELEASING = YES;
				CLANG_WARN_BOOL_CONVERSION = YES;
				CLANG_WARN_COMMA = YES;
				CLANG_WARN_CONSTANT_CONVERSION = YES;
				CLANG_WARN_DEPRECATED_OBJC_IMPLEMENTATIONS = YES;
				CLANG_WARN_DIRECT_OBJC_ISA_USAGE = YES_ERROR;
				CLANG_WARN_DOCUMENTATION_COMMENTS = YES;
				CLANG_WARN_EMPTY_BODY = YES;
				CLANG_WARN_ENUM_CONVERSION = YES;
				CLANG_WARN_INFINITE_RECURSION = YES;
				CLANG_WARN_INT_CONVERSION = YES;
				CLANG_WARN_NON_LITERAL_NULL_CONVERSION = YES;
				CLANG_WARN_OBJC_IMPLICIT_RETAIN_SELF = YES;
				CLANG_WARN_OBJC_LITERAL_CONVERSION = YES;
				CLANG_WARN_OBJC_ROOT_CLASS = YES_ERROR;
				CLANG_WARN_QUOTED_INCLUDE_IN_FRAMEWORK_HEADER = YES;
				CLANG_WARN_RANGE_LOOP_ANALYSIS = YES;
				CLANG_WARN_STRICT_PROTOTYPES = YES;
				CLANG_WARN_SUSPICIOUS_MOVE = YES;
				CLANG_WARN_UNGUARDED_AVAILABILITY = YES_AGGRESSIVE;
				CLANG_WARN_UNREACHABLE_CODE = YES;
				CLANG_WARN__DUPLICATE_METHOD_MATCH = YES;
				COPY_PHASE_STRIP = NO;
				DEBUG_INFORMATION_FORMAT = dwarf;
				ENABLE_STRICT_OBJC_MSGSEND = YES;
				ENABLE_TESTABILITY = YES;
				GCC_C_LANGUAGE_STANDARD = gnu11;
				GCC_DYNAMIC_NO_PIC = NO;
				GCC_NO_COMMON_BLOCKS = YES;
				GCC_OPTIMIZATION_LEVEL = 0;
				GCC_PREPROCESSOR_DEFINITIONS = (
					"DEBUG=1",
					"$(inherited)",
				);
				GCC_WARN_64_TO_32_BIT_CONVERSION = YES;
				GCC_WARN_ABOUT_RETURN_TYPE = YES_ERROR;
				GCC_WARN_UNDECLARED_SELECTOR = YES;
				GCC_WARN_UNINITIALIZED_AUTOS = YES_AGGRESSIVE;
				GCC_WARN_UNUSED_FUNCTION = YES;
				GCC_WARN_UNUSED_VARIABLE = YES;
				IPHONEOS_DEPLOYMENT_TARGET = 16.4;
				MTL_ENABLE_DEBUG_INFO = INCLUDE_SOURCE;
				MTL_FAST_MATH = YES;
				ONLY_ACTIVE_ARCH = YES;
				SDKROOT = iphoneos;
				SWIFT_ACTIVE_COMPILATION_CONDITIONS = DEBUG;
				SWIFT_OPTIMIZATION_LEVEL = "-Onone";
			};
			name = Debug;
		};
		0E6CC32B2A5AA09100BE97AD /* Release */ = {
			isa = XCBuildConfiguration;
			buildSettings = {
				ALWAYS_SEARCH_USER_PATHS = NO;
				CLANG_ANALYZER_NONNULL = YES;
				CLANG_ANALYZER_NUMBER_OBJECT_CONVERSION = YES_AGGRESSIVE;
				CLANG_CXX_LANGUAGE_STANDARD = "gnu++20";
				CLANG_ENABLE_MODULES = YES;
				CLANG_ENABLE_OBJC_ARC = YES;
				CLANG_ENABLE_OBJC_WEAK = YES;
				CLANG_WARN_BLOCK_CAPTURE_AUTORELEASING = YES;
				CLANG_WARN_BOOL_CONVERSION = YES;
				CLANG_WARN_COMMA = YES;
				CLANG_WARN_CONSTANT_CONVERSION = YES;
				CLANG_WARN_DEPRECATED_OBJC_IMPLEMENTATIONS = YES;
				CLANG_WARN_DIRECT_OBJC_ISA_USAGE = YES_ERROR;
				CLANG_WARN_DOCUMENTATION_COMMENTS = YES;
				CLANG_WARN_EMPTY_BODY = YES;
				CLANG_WARN_ENUM_CONVERSION = YES;
				CLANG_WARN_INFINITE_RECURSION = YES;
				CLANG_WARN_INT_CONVERSION = YES;
				CLANG_WARN_NON_LITERAL_NULL_CONVERSION = YES;
				CLANG_WARN_OBJC_IMPLICIT_RETAIN_SELF = YES;
				CLANG_WARN_OBJC_LITERAL_CONVERSION = YES;
				CLANG_WARN_OBJC_ROOT_CLASS = YES_ERROR;
				CLANG_WARN_QUOTED_INCLUDE_IN_FRAMEWORK_HEADER = YES;
				CLANG_WARN_RANGE_LOOP_ANALYSIS = YES;
				CLANG_WARN_STRICT_PROTOTYPES = YES;
				CLANG_WARN_SUSPICIOUS_MOVE = YES;
				CLANG_WARN_UNGUARDED_AVAILABILITY = YES_AGGRESSIVE;
				CLANG_WARN_UNREACHABLE_CODE = YES;
				CLANG_WARN__DUPLICATE_METHOD_MATCH = YES;
				COPY_PHASE_STRIP = NO;
				DEBUG_INFORMATION_FORMAT = "dwarf-with-dsym";
				ENABLE_NS_ASSERTIONS = NO;
				ENABLE_STRICT_OBJC_MSGSEND = YES;
				GCC_C_LANGUAGE_STANDARD = gnu11;
				GCC_NO_COMMON_BLOCKS = YES;
				GCC_WARN_64_TO_32_BIT_CONVERSION = YES;
				GCC_WARN_ABOUT_RETURN_TYPE = YES_ERROR;
				GCC_WARN_UNDECLARED_SELECTOR = YES;
				GCC_WARN_UNINITIALIZED_AUTOS = YES_AGGRESSIVE;
				GCC_WARN_UNUSED_FUNCTION = YES;
				GCC_WARN_UNUSED_VARIABLE = YES;
				IPHONEOS_DEPLOYMENT_TARGET = 16.4;
				MTL_ENABLE_DEBUG_INFO = NO;
				MTL_FAST_MATH = YES;
				SDKROOT = iphoneos;
				SWIFT_COMPILATION_MODE = wholemodule;
				SWIFT_OPTIMIZATION_LEVEL = "-O";
				VALIDATE_PRODUCT = YES;
			};
			name = Release;
		};
		0E6CC32D2A5AA09100BE97AD /* Debug */ = {
			isa = XCBuildConfiguration;
			baseConfigurationReference = 131C136F5F1EDBF40127D035 /* Pods-Grouping.debug.xcconfig */;
			buildSettings = {
				ASSETCATALOG_COMPILER_APPICON_NAME = AppIcon;
				ASSETCATALOG_COMPILER_GLOBAL_ACCENT_COLOR_NAME = AccentColor;
				CODE_SIGN_STYLE = Automatic;
				CURRENT_PROJECT_VERSION = 1;
				DEVELOPMENT_ASSET_PATHS = "\"Grouping/Preview Content\"";
				DEVELOPMENT_TEAM = 8PRV428ULN;
				ENABLE_PREVIEWS = YES;
				GENERATE_INFOPLIST_FILE = YES;
				INFOPLIST_FILE = Grouping/Info.plist;
				INFOPLIST_KEY_NSPhotoLibraryUsageDescription = "사진 업로드를 위해 사용자의 앨범에 접근합니다";
				INFOPLIST_KEY_UIApplicationSceneManifest_Generation = YES;
				INFOPLIST_KEY_UIApplicationSupportsIndirectInputEvents = YES;
				INFOPLIST_KEY_UILaunchScreen_Generation = YES;
				INFOPLIST_KEY_UISupportedInterfaceOrientations_iPad = "UIInterfaceOrientationPortrait UIInterfaceOrientationPortraitUpsideDown UIInterfaceOrientationLandscapeLeft UIInterfaceOrientationLandscapeRight";
				INFOPLIST_KEY_UISupportedInterfaceOrientations_iPhone = "UIInterfaceOrientationPortrait UIInterfaceOrientationLandscapeLeft UIInterfaceOrientationLandscapeRight";
				IPHONEOS_DEPLOYMENT_TARGET = 14.0;
				LD_RUNPATH_SEARCH_PATHS = (
					"$(inherited)",
					"@executable_path/Frameworks",
				);
				MARKETING_VERSION = 1.0;
				PRODUCT_BUNDLE_IDENTIFIER = "com.J-Min.Grouping";
				PRODUCT_NAME = "$(TARGET_NAME)";
				SWIFT_EMIT_LOC_STRINGS = YES;
				SWIFT_VERSION = 5.0;
				TARGETED_DEVICE_FAMILY = "1,2";
			};
			name = Debug;
		};
		0E6CC32E2A5AA09100BE97AD /* Release */ = {
			isa = XCBuildConfiguration;
			baseConfigurationReference = 7A1BBE5FB9020C2134FAE514 /* Pods-Grouping.release.xcconfig */;
			buildSettings = {
				ASSETCATALOG_COMPILER_APPICON_NAME = AppIcon;
				ASSETCATALOG_COMPILER_GLOBAL_ACCENT_COLOR_NAME = AccentColor;
				CODE_SIGN_STYLE = Automatic;
				CURRENT_PROJECT_VERSION = 1;
				DEVELOPMENT_ASSET_PATHS = "\"Grouping/Preview Content\"";
				DEVELOPMENT_TEAM = 8PRV428ULN;
				ENABLE_PREVIEWS = YES;
				GENERATE_INFOPLIST_FILE = YES;
				INFOPLIST_FILE = Grouping/Info.plist;
				INFOPLIST_KEY_NSPhotoLibraryUsageDescription = "사진 업로드를 위해 사용자의 앨범에 접근합니다";
				INFOPLIST_KEY_UIApplicationSceneManifest_Generation = YES;
				INFOPLIST_KEY_UIApplicationSupportsIndirectInputEvents = YES;
				INFOPLIST_KEY_UILaunchScreen_Generation = YES;
				INFOPLIST_KEY_UISupportedInterfaceOrientations_iPad = "UIInterfaceOrientationPortrait UIInterfaceOrientationPortraitUpsideDown UIInterfaceOrientationLandscapeLeft UIInterfaceOrientationLandscapeRight";
				INFOPLIST_KEY_UISupportedInterfaceOrientations_iPhone = "UIInterfaceOrientationPortrait UIInterfaceOrientationLandscapeLeft UIInterfaceOrientationLandscapeRight";
				IPHONEOS_DEPLOYMENT_TARGET = 14.0;
				LD_RUNPATH_SEARCH_PATHS = (
					"$(inherited)",
					"@executable_path/Frameworks",
				);
				MARKETING_VERSION = 1.0;
				PRODUCT_BUNDLE_IDENTIFIER = "com.J-Min.Grouping";
				PRODUCT_NAME = "$(TARGET_NAME)";
				SWIFT_EMIT_LOC_STRINGS = YES;
				SWIFT_VERSION = 5.0;
				TARGETED_DEVICE_FAMILY = "1,2";
			};
			name = Release;
		};
/* End XCBuildConfiguration section */

/* Begin XCConfigurationList section */
		0E6CC3192A5AA09000BE97AD /* Build configuration list for PBXProject "Grouping" */ = {
			isa = XCConfigurationList;
			buildConfigurations = (
				0E6CC32A2A5AA09100BE97AD /* Debug */,
				0E6CC32B2A5AA09100BE97AD /* Release */,
			);
			defaultConfigurationIsVisible = 0;
			defaultConfigurationName = Release;
		};
		0E6CC32C2A5AA09100BE97AD /* Build configuration list for PBXNativeTarget "Grouping" */ = {
			isa = XCConfigurationList;
			buildConfigurations = (
				0E6CC32D2A5AA09100BE97AD /* Debug */,
				0E6CC32E2A5AA09100BE97AD /* Release */,
			);
			defaultConfigurationIsVisible = 0;
			defaultConfigurationName = Release;
		};
/* End XCConfigurationList section */
	};
	rootObject = 0E6CC3162A5AA09000BE97AD /* Project object */;
}
