// !$*UTF8*$!
{
	archiveVersion = 1;
	classes = {
	};
	objectVersion = 56;
	objects = {

/* Begin PBXBuildFile section */
		0E309FC22A5D728700191B3B /* EmailSignUpView.swift in Sources */ = {isa = PBXBuildFile; fileRef = 0E309FC12A5D728700191B3B /* EmailSignUpView.swift */; };
		0E6CC3222A5AA09000BE97AD /* GroupingApp.swift in Sources */ = {isa = PBXBuildFile; fileRef = 0E6CC3212A5AA09000BE97AD /* GroupingApp.swift */; };
		0E6CC3242A5AA09000BE97AD /* ContentView.swift in Sources */ = {isa = PBXBuildFile; fileRef = 0E6CC3232A5AA09000BE97AD /* ContentView.swift */; };
		0E6CC3262A5AA09100BE97AD /* Assets.xcassets in Resources */ = {isa = PBXBuildFile; fileRef = 0E6CC3252A5AA09100BE97AD /* Assets.xcassets */; };
		0E6CC3292A5AA09100BE97AD /* Preview Assets.xcassets in Resources */ = {isa = PBXBuildFile; fileRef = 0E6CC3282A5AA09100BE97AD /* Preview Assets.xcassets */; };
		0E6CC3412A5AC08900BE97AD /* View+.swift in Sources */ = {isa = PBXBuildFile; fileRef = 0E6CC3402A5AC08900BE97AD /* View+.swift */; };
		0E6CC3442A5AC0B900BE97AD /* RoundedCorner.swift in Sources */ = {isa = PBXBuildFile; fileRef = 0E6CC3432A5AC0B900BE97AD /* RoundedCorner.swift */; };
		0E6CC3472A5AC1CF00BE97AD /* Constant.swift in Sources */ = {isa = PBXBuildFile; fileRef = 0E6CC3462A5AC1CF00BE97AD /* Constant.swift */; };
		0E6CC34E2A5ACB5B00BE97AD /* User.swift in Sources */ = {isa = PBXBuildFile; fileRef = 0E6CC34C2A5ACB5B00BE97AD /* User.swift */; };
		0E6CC34F2A5ACCD800BE97AD /* Post.swift in Sources */ = {isa = PBXBuildFile; fileRef = 0E6CC34B2A5ACB5B00BE97AD /* Post.swift */; };
		0E6CC3502A5ACD8100BE97AD /* PostView.swift in Sources */ = {isa = PBXBuildFile; fileRef = 0E6CC33D2A5AAA7000BE97AD /* PostView.swift */; };
		0E90B8702A5C19E8006725B1 /* LoginMainView.swift in Sources */ = {isa = PBXBuildFile; fileRef = 0E90B86F2A5C19E8006725B1 /* LoginMainView.swift */; };
		0E90B8732A5C1AD8006725B1 /* LoginButton.swift in Sources */ = {isa = PBXBuildFile; fileRef = 0E90B8722A5C1AD8006725B1 /* LoginButton.swift */; };
		0E90B8752A5C1BA9006725B1 /* UIColor+.swift in Sources */ = {isa = PBXBuildFile; fileRef = 0E90B8742A5C1BA9006725B1 /* UIColor+.swift */; };
		0E90B8772A5C1BBC006725B1 /* Color+.swift in Sources */ = {isa = PBXBuildFile; fileRef = 0E90B8762A5C1BBC006725B1 /* Color+.swift */; };
		0E90B87A2A5C397F006725B1 /* EmailTextField.swift in Sources */ = {isa = PBXBuildFile; fileRef = 0E90B8792A5C397F006725B1 /* EmailTextField.swift */; };
		0E90B87C2A5C441E006725B1 /* EmailSignInView.swift in Sources */ = {isa = PBXBuildFile; fileRef = 0E90B87B2A5C441E006725B1 /* EmailSignInView.swift */; };
		0E90B8802A5C4674006725B1 /* GoogleService-Info.plist in Resources */ = {isa = PBXBuildFile; fileRef = 0E90B87F2A5C4674006725B1 /* GoogleService-Info.plist */; };
		EE3CB0E3416E552B5ED21608 /* Pods_Grouping.framework in Frameworks */ = {isa = PBXBuildFile; fileRef = 3DA3BB0D1585E6F5FBDAB73B /* Pods_Grouping.framework */; };
/* End PBXBuildFile section */

/* Begin PBXFileReference section */
		0E309FC12A5D728700191B3B /* EmailSignUpView.swift */ = {isa = PBXFileReference; lastKnownFileType = sourcecode.swift; path = EmailSignUpView.swift; sourceTree = "<group>"; };
		0E6CC31E2A5AA09000BE97AD /* Grouping.app */ = {isa = PBXFileReference; explicitFileType = wrapper.application; includeInIndex = 0; path = Grouping.app; sourceTree = BUILT_PRODUCTS_DIR; };
		0E6CC3212A5AA09000BE97AD /* GroupingApp.swift */ = {isa = PBXFileReference; lastKnownFileType = sourcecode.swift; path = GroupingApp.swift; sourceTree = "<group>"; };
		0E6CC3232A5AA09000BE97AD /* ContentView.swift */ = {isa = PBXFileReference; lastKnownFileType = sourcecode.swift; path = ContentView.swift; sourceTree = "<group>"; };
		0E6CC3252A5AA09100BE97AD /* Assets.xcassets */ = {isa = PBXFileReference; lastKnownFileType = folder.assetcatalog; path = Assets.xcassets; sourceTree = "<group>"; };
		0E6CC3282A5AA09100BE97AD /* Preview Assets.xcassets */ = {isa = PBXFileReference; lastKnownFileType = folder.assetcatalog; path = "Preview Assets.xcassets"; sourceTree = "<group>"; };
		0E6CC33D2A5AAA7000BE97AD /* PostView.swift */ = {isa = PBXFileReference; lastKnownFileType = sourcecode.swift; path = PostView.swift; sourceTree = "<group>"; };
		0E6CC3402A5AC08900BE97AD /* View+.swift */ = {isa = PBXFileReference; lastKnownFileType = sourcecode.swift; path = "View+.swift"; sourceTree = "<group>"; };
		0E6CC3432A5AC0B900BE97AD /* RoundedCorner.swift */ = {isa = PBXFileReference; lastKnownFileType = sourcecode.swift; path = RoundedCorner.swift; sourceTree = "<group>"; };
		0E6CC3462A5AC1CF00BE97AD /* Constant.swift */ = {isa = PBXFileReference; lastKnownFileType = sourcecode.swift; path = Constant.swift; sourceTree = "<group>"; };
		0E6CC34B2A5ACB5B00BE97AD /* Post.swift */ = {isa = PBXFileReference; fileEncoding = 4; lastKnownFileType = sourcecode.swift; path = Post.swift; sourceTree = "<group>"; };
		0E6CC34C2A5ACB5B00BE97AD /* User.swift */ = {isa = PBXFileReference; fileEncoding = 4; lastKnownFileType = sourcecode.swift; path = User.swift; sourceTree = "<group>"; };
		0E90B86F2A5C19E8006725B1 /* LoginMainView.swift */ = {isa = PBXFileReference; lastKnownFileType = sourcecode.swift; path = LoginMainView.swift; sourceTree = "<group>"; };
		0E90B8722A5C1AD8006725B1 /* LoginButton.swift */ = {isa = PBXFileReference; lastKnownFileType = sourcecode.swift; path = LoginButton.swift; sourceTree = "<group>"; };
		0E90B8742A5C1BA9006725B1 /* UIColor+.swift */ = {isa = PBXFileReference; lastKnownFileType = sourcecode.swift; path = "UIColor+.swift"; sourceTree = "<group>"; };
		0E90B8762A5C1BBC006725B1 /* Color+.swift */ = {isa = PBXFileReference; lastKnownFileType = sourcecode.swift; path = "Color+.swift"; sourceTree = "<group>"; };
		0E90B8792A5C397F006725B1 /* EmailTextField.swift */ = {isa = PBXFileReference; lastKnownFileType = sourcecode.swift; path = EmailTextField.swift; sourceTree = "<group>"; };
		0E90B87B2A5C441E006725B1 /* EmailSignInView.swift */ = {isa = PBXFileReference; lastKnownFileType = sourcecode.swift; path = EmailSignInView.swift; sourceTree = "<group>"; };
		0E90B87F2A5C4674006725B1 /* GoogleService-Info.plist */ = {isa = PBXFileReference; fileEncoding = 4; lastKnownFileType = text.plist.xml; path = "GoogleService-Info.plist"; sourceTree = "<group>"; };
		131C136F5F1EDBF40127D035 /* Pods-Grouping.debug.xcconfig */ = {isa = PBXFileReference; includeInIndex = 1; lastKnownFileType = text.xcconfig; name = "Pods-Grouping.debug.xcconfig"; path = "Target Support Files/Pods-Grouping/Pods-Grouping.debug.xcconfig"; sourceTree = "<group>"; };
		3DA3BB0D1585E6F5FBDAB73B /* Pods_Grouping.framework */ = {isa = PBXFileReference; explicitFileType = wrapper.framework; includeInIndex = 0; path = Pods_Grouping.framework; sourceTree = BUILT_PRODUCTS_DIR; };
		7A1BBE5FB9020C2134FAE514 /* Pods-Grouping.release.xcconfig */ = {isa = PBXFileReference; includeInIndex = 1; lastKnownFileType = text.xcconfig; name = "Pods-Grouping.release.xcconfig"; path = "Target Support Files/Pods-Grouping/Pods-Grouping.release.xcconfig"; sourceTree = "<group>"; };
/* End PBXFileReference section */

/* Begin PBXFrameworksBuildPhase section */
		0E6CC31B2A5AA09000BE97AD /* Frameworks */ = {
			isa = PBXFrameworksBuildPhase;
			buildActionMask = 2147483647;
			files = (
				EE3CB0E3416E552B5ED21608 /* Pods_Grouping.framework in Frameworks */,
			);
			runOnlyForDeploymentPostprocessing = 0;
		};
/* End PBXFrameworksBuildPhase section */

/* Begin PBXGroup section */
		0E309FC02A5D726C00191B3B /* SignUp */ = {
			isa = PBXGroup;
			children = (
				0E309FC12A5D728700191B3B /* EmailSignUpView.swift */,
			);
			path = SignUp;
			sourceTree = "<group>";
		};
		0E6CC3152A5AA09000BE97AD = {
			isa = PBXGroup;
			children = (
				0E6CC3202A5AA09000BE97AD /* Grouping */,
				0E6CC31F2A5AA09000BE97AD /* Products */,
				EF84001F01399143AD725B77 /* Pods */,
				97FCB75F1562CA337CFE90BC /* Frameworks */,
			);
			sourceTree = "<group>";
		};
		0E6CC31F2A5AA09000BE97AD /* Products */ = {
			isa = PBXGroup;
			children = (
				0E6CC31E2A5AA09000BE97AD /* Grouping.app */,
			);
			name = Products;
			sourceTree = "<group>";
		};
		0E6CC3202A5AA09000BE97AD /* Grouping */ = {
			isa = PBXGroup;
			children = (
				0E6CC34A2A5ACB4F00BE97AD /* Model */,
				0E6CC3452A5AC1BA00BE97AD /* Application */,
				0E6CC33F2A5AC08300BE97AD /* Extension */,
				0E6CC33C2A5AAA6200BE97AD /* View */,
				0E6CC3272A5AA09100BE97AD /* Preview Content */,
			);
			path = Grouping;
			sourceTree = "<group>";
		};
		0E6CC3272A5AA09100BE97AD /* Preview Content */ = {
			isa = PBXGroup;
			children = (
				0E6CC3282A5AA09100BE97AD /* Preview Assets.xcassets */,
			);
			path = "Preview Content";
			sourceTree = "<group>";
		};
		0E6CC33C2A5AAA6200BE97AD /* View */ = {
			isa = PBXGroup;
			children = (
				0E90B86D2A5C19CE006725B1 /* Lgoin */,
				0E6CC3422A5AC0A900BE97AD /* Common */,
				0E6CC33D2A5AAA7000BE97AD /* PostView.swift */,
			);
			path = View;
			sourceTree = "<group>";
		};
		0E6CC33F2A5AC08300BE97AD /* Extension */ = {
			isa = PBXGroup;
			children = (
				0E6CC3402A5AC08900BE97AD /* View+.swift */,
				0E90B8742A5C1BA9006725B1 /* UIColor+.swift */,
				0E90B8762A5C1BBC006725B1 /* Color+.swift */,
			);
			path = Extension;
			sourceTree = "<group>";
		};
		0E6CC3422A5AC0A900BE97AD /* Common */ = {
			isa = PBXGroup;
			children = (
				0E6CC3432A5AC0B900BE97AD /* RoundedCorner.swift */,
			);
			path = Common;
			sourceTree = "<group>";
		};
		0E6CC3452A5AC1BA00BE97AD /* Application */ = {
			isa = PBXGroup;
			children = (
				0E90B87F2A5C4674006725B1 /* GoogleService-Info.plist */,
				0E6CC3212A5AA09000BE97AD /* GroupingApp.swift */,
				0E6CC3232A5AA09000BE97AD /* ContentView.swift */,
				0E6CC3252A5AA09100BE97AD /* Assets.xcassets */,
				0E6CC3462A5AC1CF00BE97AD /* Constant.swift */,
			);
			path = Application;
			sourceTree = "<group>";
		};
		0E6CC34A2A5ACB4F00BE97AD /* Model */ = {
			isa = PBXGroup;
			children = (
				0E6CC34B2A5ACB5B00BE97AD /* Post.swift */,
				0E6CC34C2A5ACB5B00BE97AD /* User.swift */,
			);
			path = Model;
			sourceTree = "<group>";
		};
		0E90B86D2A5C19CE006725B1 /* Lgoin */ = {
			isa = PBXGroup;
			children = (
				0E90B86F2A5C19E8006725B1 /* LoginMainView.swift */,
				0E90B8782A5C3970006725B1 /* CommonView */,
				0E309FC02A5D726C00191B3B /* SignUp */,
				0E90B86E2A5C19D9006725B1 /* SignIn */,
			);
			path = Lgoin;
			sourceTree = "<group>";
		};
		0E90B86E2A5C19D9006725B1 /* SignIn */ = {
			isa = PBXGroup;
			children = (
				0E90B8712A5C1ACA006725B1 /* View */,
				0E90B87B2A5C441E006725B1 /* EmailSignInView.swift */,
			);
			path = SignIn;
			sourceTree = "<group>";
		};
		0E90B8712A5C1ACA006725B1 /* View */ = {
			isa = PBXGroup;
			children = (
				0E90B8722A5C1AD8006725B1 /* LoginButton.swift */,
			);
			path = View;
			sourceTree = "<group>";
		};
		0E90B8782A5C3970006725B1 /* CommonView */ = {
			isa = PBXGroup;
			children = (
				0E90B8792A5C397F006725B1 /* EmailTextField.swift */,
			);
			path = CommonView;
			sourceTree = "<group>";
		};
		97FCB75F1562CA337CFE90BC /* Frameworks */ = {
			isa = PBXGroup;
			children = (
				3DA3BB0D1585E6F5FBDAB73B /* Pods_Grouping.framework */,
			);
			name = Frameworks;
			sourceTree = "<group>";
		};
		EF84001F01399143AD725B77 /* Pods */ = {
			isa = PBXGroup;
			children = (
				131C136F5F1EDBF40127D035 /* Pods-Grouping.debug.xcconfig */,
				7A1BBE5FB9020C2134FAE514 /* Pods-Grouping.release.xcconfig */,
			);
			path = Pods;
			sourceTree = "<group>";
		};
/* End PBXGroup section */

/* Begin PBXNativeTarget section */
		0E6CC31D2A5AA09000BE97AD /* Grouping */ = {
			isa = PBXNativeTarget;
			buildConfigurationList = 0E6CC32C2A5AA09100BE97AD /* Build configuration list for PBXNativeTarget "Grouping" */;
			buildPhases = (
				FE512AC39081DA5F22DF17BE /* [CP] Check Pods Manifest.lock */,
				0E6CC31A2A5AA09000BE97AD /* Sources */,
				0E6CC31B2A5AA09000BE97AD /* Frameworks */,
				0E6CC31C2A5AA09000BE97AD /* Resources */,
				8A7EB111E1260087EB3B05E8 /* [CP] Embed Pods Frameworks */,
			);
			buildRules = (
			);
			dependencies = (
			);
			name = Grouping;
			productName = Grouping;
			productReference = 0E6CC31E2A5AA09000BE97AD /* Grouping.app */;
			productType = "com.apple.product-type.application";
		};
/* End PBXNativeTarget section */

/* Begin PBXProject section */
		0E6CC3162A5AA09000BE97AD /* Project object */ = {
			isa = PBXProject;
			attributes = {
				BuildIndependentTargetsInParallel = 1;
				LastSwiftUpdateCheck = 1430;
				LastUpgradeCheck = 1430;
				TargetAttributes = {
					0E6CC31D2A5AA09000BE97AD = {
						CreatedOnToolsVersion = 14.3;
					};
				};
			};
			buildConfigurationList = 0E6CC3192A5AA09000BE97AD /* Build configuration list for PBXProject "Grouping" */;
			compatibilityVersion = "Xcode 14.0";
			developmentRegion = en;
			hasScannedForEncodings = 0;
			knownRegions = (
				en,
				Base,
			);
			mainGroup = 0E6CC3152A5AA09000BE97AD;
			productRefGroup = 0E6CC31F2A5AA09000BE97AD /* Products */;
			projectDirPath = "";
			projectRoot = "";
			targets = (
				0E6CC31D2A5AA09000BE97AD /* Grouping */,
			);
		};
/* End PBXProject section */

/* Begin PBXResourcesBuildPhase section */
		0E6CC31C2A5AA09000BE97AD /* Resources */ = {
			isa = PBXResourcesBuildPhase;
			buildActionMask = 2147483647;
			files = (
				0E6CC3292A5AA09100BE97AD /* Preview Assets.xcassets in Resources */,
				0E6CC3262A5AA09100BE97AD /* Assets.xcassets in Resources */,
				0E90B8802A5C4674006725B1 /* GoogleService-Info.plist in Resources */,
			);
			runOnlyForDeploymentPostprocessing = 0;
		};
/* End PBXResourcesBuildPhase section */

/* Begin PBXShellScriptBuildPhase section */
		8A7EB111E1260087EB3B05E8 /* [CP] Embed Pods Frameworks */ = {
			isa = PBXShellScriptBuildPhase;
			buildActionMask = 2147483647;
			files = (
			);
			inputFileListPaths = (
				"${PODS_ROOT}/Target Support Files/Pods-Grouping/Pods-Grouping-frameworks-${CONFIGURATION}-input-files.xcfilelist",
			);
			name = "[CP] Embed Pods Frameworks";
			outputFileListPaths = (
				"${PODS_ROOT}/Target Support Files/Pods-Grouping/Pods-Grouping-frameworks-${CONFIGURATION}-output-files.xcfilelist",
			);
			runOnlyForDeploymentPostprocessing = 0;
			shellPath = /bin/sh;
			shellScript = "\"${PODS_ROOT}/Target Support Files/Pods-Grouping/Pods-Grouping-frameworks.sh\"\n";
			showEnvVarsInLog = 0;
		};
		FE512AC39081DA5F22DF17BE /* [CP] Check Pods Manifest.lock */ = {
			isa = PBXShellScriptBuildPhase;
			buildActionMask = 2147483647;
			files = (
			);
			inputFileListPaths = (
			);
			inputPaths = (
				"${PODS_PODFILE_DIR_PATH}/Podfile.lock",
				"${PODS_ROOT}/Manifest.lock",
			);
			name = "[CP] Check Pods Manifest.lock";
			outputFileListPaths = (
			);
			outputPaths = (
				"$(DERIVED_FILE_DIR)/Pods-Grouping-checkManifestLockResult.txt",
			);
			runOnlyForDeploymentPostprocessing = 0;
			shellPath = /bin/sh;
			shellScript = "diff \"${PODS_PODFILE_DIR_PATH}/Podfile.lock\" \"${PODS_ROOT}/Manifest.lock\" > /dev/null\nif [ $? != 0 ] ; then\n    # print error to STDERR\n    echo \"error: The sandbox is not in sync with the Podfile.lock. Run 'pod install' or update your CocoaPods installation.\" >&2\n    exit 1\nfi\n# This output is used by Xcode 'outputs' to avoid re-running this script phase.\necho \"SUCCESS\" > \"${SCRIPT_OUTPUT_FILE_0}\"\n";
			showEnvVarsInLog = 0;
		};
/* End PBXShellScriptBuildPhase section */

/* Begin PBXSourcesBuildPhase section */
		0E6CC31A2A5AA09000BE97AD /* Sources */ = {
			isa = PBXSourcesBuildPhase;
			buildActionMask = 2147483647;
			files = (
				0E6CC3502A5ACD8100BE97AD /* PostView.swift in Sources */,
				0E90B8772A5C1BBC006725B1 /* Color+.swift in Sources */,
				0E6CC34F2A5ACCD800BE97AD /* Post.swift in Sources */,
				0E6CC3412A5AC08900BE97AD /* View+.swift in Sources */,
				0E6CC3442A5AC0B900BE97AD /* RoundedCorner.swift in Sources */,
				0E90B8752A5C1BA9006725B1 /* UIColor+.swift in Sources */,
				0E6CC3242A5AA09000BE97AD /* ContentView.swift in Sources */,
				0E90B87C2A5C441E006725B1 /* EmailSignInView.swift in Sources */,
				0E90B8732A5C1AD8006725B1 /* LoginButton.swift in Sources */,
				0E90B8702A5C19E8006725B1 /* LoginMainView.swift in Sources */,
				0E90B87A2A5C397F006725B1 /* EmailTextField.swift in Sources */,
				0E6CC34E2A5ACB5B00BE97AD /* User.swift in Sources */,
				0E6CC3222A5AA09000BE97AD /* GroupingApp.swift in Sources */,
				0E309FC22A5D728700191B3B /* EmailSignUpView.swift in Sources */,
				0E6CC3472A5AC1CF00BE97AD /* Constant.swift in Sources */,
			);
			runOnlyForDeploymentPostprocessing = 0;
		};
/* End PBXSourcesBuildPhase section */

/* Begin XCBuildConfiguration section */
		0E6CC32A2A5AA09100BE97AD /* Debug */ = {
			isa = XCBuildConfiguration;
			buildSettings = {
				ALWAYS_SEARCH_USER_PATHS = NO;
				CLANG_ANALYZER_NONNULL = YES;
				CLANG_ANALYZER_NUMBER_OBJECT_CONVERSION = YES_AGGRESSIVE;
				CLANG_CXX_LANGUAGE_STANDARD = "gnu++20";
				CLANG_ENABLE_MODULES = YES;
				CLANG_ENABLE_OBJC_ARC = YES;
				CLANG_ENABLE_OBJC_WEAK = YES;
				CLANG_WARN_BLOCK_CAPTURE_AUTORELEASING = YES;
				CLANG_WARN_BOOL_CONVERSION = YES;
				CLANG_WARN_COMMA = YES;
				CLANG_WARN_CONSTANT_CONVERSION = YES;
				CLANG_WARN_DEPRECATED_OBJC_IMPLEMENTATIONS = YES;
				CLANG_WARN_DIRECT_OBJC_ISA_USAGE = YES_ERROR;
				CLANG_WARN_DOCUMENTATION_COMMENTS = YES;
				CLANG_WARN_EMPTY_BODY = YES;
				CLANG_WARN_ENUM_CONVERSION = YES;
				CLANG_WARN_INFINITE_RECURSION = YES;
				CLANG_WARN_INT_CONVERSION = YES;
				CLANG_WARN_NON_LITERAL_NULL_CONVERSION = YES;
				CLANG_WARN_OBJC_IMPLICIT_RETAIN_SELF = YES;
				CLANG_WARN_OBJC_LITERAL_CONVERSION = YES;
				CLANG_WARN_OBJC_ROOT_CLASS = YES_ERROR;
				CLANG_WARN_QUOTED_INCLUDE_IN_FRAMEWORK_HEADER = YES;
				CLANG_WARN_RANGE_LOOP_ANALYSIS = YES;
				CLANG_WARN_STRICT_PROTOTYPES = YES;
				CLANG_WARN_SUSPICIOUS_MOVE = YES;
				CLANG_WARN_UNGUARDED_AVAILABILITY = YES_AGGRESSIVE;
				CLANG_WARN_UNREACHABLE_CODE = YES;
				CLANG_WARN__DUPLICATE_METHOD_MATCH = YES;
				COPY_PHASE_STRIP = NO;
				DEBUG_INFORMATION_FORMAT = dwarf;
				ENABLE_STRICT_OBJC_MSGSEND = YES;
				ENABLE_TESTABILITY = YES;
				GCC_C_LANGUAGE_STANDARD = gnu11;
				GCC_DYNAMIC_NO_PIC = NO;
				GCC_NO_COMMON_BLOCKS = YES;
				GCC_OPTIMIZATION_LEVEL = 0;
				GCC_PREPROCESSOR_DEFINITIONS = (
					"DEBUG=1",
					"$(inherited)",
				);
				GCC_WARN_64_TO_32_BIT_CONVERSION = YES;
				GCC_WARN_ABOUT_RETURN_TYPE = YES_ERROR;
				GCC_WARN_UNDECLARED_SELECTOR = YES;
				GCC_WARN_UNINITIALIZED_AUTOS = YES_AGGRESSIVE;
				GCC_WARN_UNUSED_FUNCTION = YES;
				GCC_WARN_UNUSED_VARIABLE = YES;
				IPHONEOS_DEPLOYMENT_TARGET = 16.4;
				MTL_ENABLE_DEBUG_INFO = INCLUDE_SOURCE;
				MTL_FAST_MATH = YES;
				ONLY_ACTIVE_ARCH = YES;
				SDKROOT = iphoneos;
				SWIFT_ACTIVE_COMPILATION_CONDITIONS = DEBUG;
				SWIFT_OPTIMIZATION_LEVEL = "-Onone";
			};
			name = Debug;
		};
		0E6CC32B2A5AA09100BE97AD /* Release */ = {
			isa = XCBuildConfiguration;
			buildSettings = {
				ALWAYS_SEARCH_USER_PATHS = NO;
				CLANG_ANALYZER_NONNULL = YES;
				CLANG_ANALYZER_NUMBER_OBJECT_CONVERSION = YES_AGGRESSIVE;
				CLANG_CXX_LANGUAGE_STANDARD = "gnu++20";
				CLANG_ENABLE_MODULES = YES;
				CLANG_ENABLE_OBJC_ARC = YES;
				CLANG_ENABLE_OBJC_WEAK = YES;
				CLANG_WARN_BLOCK_CAPTURE_AUTORELEASING = YES;
				CLANG_WARN_BOOL_CONVERSION = YES;
				CLANG_WARN_COMMA = YES;
				CLANG_WARN_CONSTANT_CONVERSION = YES;
				CLANG_WARN_DEPRECATED_OBJC_IMPLEMENTATIONS = YES;
				CLANG_WARN_DIRECT_OBJC_ISA_USAGE = YES_ERROR;
				CLANG_WARN_DOCUMENTATION_COMMENTS = YES;
				CLANG_WARN_EMPTY_BODY = YES;
				CLANG_WARN_ENUM_CONVERSION = YES;
				CLANG_WARN_INFINITE_RECURSION = YES;
				CLANG_WARN_INT_CONVERSION = YES;
				CLANG_WARN_NON_LITERAL_NULL_CONVERSION = YES;
				CLANG_WARN_OBJC_IMPLICIT_RETAIN_SELF = YES;
				CLANG_WARN_OBJC_LITERAL_CONVERSION = YES;
				CLANG_WARN_OBJC_ROOT_CLASS = YES_ERROR;
				CLANG_WARN_QUOTED_INCLUDE_IN_FRAMEWORK_HEADER = YES;
				CLANG_WARN_RANGE_LOOP_ANALYSIS = YES;
				CLANG_WARN_STRICT_PROTOTYPES = YES;
				CLANG_WARN_SUSPICIOUS_MOVE = YES;
				CLANG_WARN_UNGUARDED_AVAILABILITY = YES_AGGRESSIVE;
				CLANG_WARN_UNREACHABLE_CODE = YES;
				CLANG_WARN__DUPLICATE_METHOD_MATCH = YES;
				COPY_PHASE_STRIP = NO;
				DEBUG_INFORMATION_FORMAT = "dwarf-with-dsym";
				ENABLE_NS_ASSERTIONS = NO;
				ENABLE_STRICT_OBJC_MSGSEND = YES;
				GCC_C_LANGUAGE_STANDARD = gnu11;
				GCC_NO_COMMON_BLOCKS = YES;
				GCC_WARN_64_TO_32_BIT_CONVERSION = YES;
				GCC_WARN_ABOUT_RETURN_TYPE = YES_ERROR;
				GCC_WARN_UNDECLARED_SELECTOR = YES;
				GCC_WARN_UNINITIALIZED_AUTOS = YES_AGGRESSIVE;
				GCC_WARN_UNUSED_FUNCTION = YES;
				GCC_WARN_UNUSED_VARIABLE = YES;
				IPHONEOS_DEPLOYMENT_TARGET = 16.4;
				MTL_ENABLE_DEBUG_INFO = NO;
				MTL_FAST_MATH = YES;
				SDKROOT = iphoneos;
				SWIFT_COMPILATION_MODE = wholemodule;
				SWIFT_OPTIMIZATION_LEVEL = "-O";
				VALIDATE_PRODUCT = YES;
			};
			name = Release;
		};
		0E6CC32D2A5AA09100BE97AD /* Debug */ = {
			isa = XCBuildConfiguration;
			baseConfigurationReference = 131C136F5F1EDBF40127D035 /* Pods-Grouping.debug.xcconfig */;
			buildSettings = {
				ASSETCATALOG_COMPILER_APPICON_NAME = AppIcon;
				ASSETCATALOG_COMPILER_GLOBAL_ACCENT_COLOR_NAME = AccentColor;
				CODE_SIGN_STYLE = Automatic;
				CURRENT_PROJECT_VERSION = 1;
				DEVELOPMENT_ASSET_PATHS = "\"Grouping/Preview Content\"";
				DEVELOPMENT_TEAM = 8PRV428ULN;
				ENABLE_PREVIEWS = YES;
				GENERATE_INFOPLIST_FILE = YES;
				INFOPLIST_KEY_UIApplicationSceneManifest_Generation = YES;
				INFOPLIST_KEY_UIApplicationSupportsIndirectInputEvents = YES;
				INFOPLIST_KEY_UILaunchScreen_Generation = YES;
				INFOPLIST_KEY_UISupportedInterfaceOrientations_iPad = "UIInterfaceOrientationPortrait UIInterfaceOrientationPortraitUpsideDown UIInterfaceOrientationLandscapeLeft UIInterfaceOrientationLandscapeRight";
				INFOPLIST_KEY_UISupportedInterfaceOrientations_iPhone = "UIInterfaceOrientationPortrait UIInterfaceOrientationLandscapeLeft UIInterfaceOrientationLandscapeRight";
				IPHONEOS_DEPLOYMENT_TARGET = 14.0;
				LD_RUNPATH_SEARCH_PATHS = (
					"$(inherited)",
					"@executable_path/Frameworks",
				);
				MARKETING_VERSION = 1.0;
				PRODUCT_BUNDLE_IDENTIFIER = "com.J-Min.Grouping";
				PRODUCT_NAME = "$(TARGET_NAME)";
				SWIFT_EMIT_LOC_STRINGS = YES;
				SWIFT_VERSION = 5.0;
				TARGETED_DEVICE_FAMILY = "1,2";
			};
			name = Debug;
		};
		0E6CC32E2A5AA09100BE97AD /* Release */ = {
			isa = XCBuildConfiguration;
			baseConfigurationReference = 7A1BBE5FB9020C2134FAE514 /* Pods-Grouping.release.xcconfig */;
			buildSettings = {
				ASSETCATALOG_COMPILER_APPICON_NAME = AppIcon;
				ASSETCATALOG_COMPILER_GLOBAL_ACCENT_COLOR_NAME = AccentColor;
				CODE_SIGN_STYLE = Automatic;
				CURRENT_PROJECT_VERSION = 1;
				DEVELOPMENT_ASSET_PATHS = "\"Grouping/Preview Content\"";
				DEVELOPMENT_TEAM = 8PRV428ULN;
				ENABLE_PREVIEWS = YES;
				GENERATE_INFOPLIST_FILE = YES;
				INFOPLIST_KEY_UIApplicationSceneManifest_Generation = YES;
				INFOPLIST_KEY_UIApplicationSupportsIndirectInputEvents = YES;
				INFOPLIST_KEY_UILaunchScreen_Generation = YES;
				INFOPLIST_KEY_UISupportedInterfaceOrientations_iPad = "UIInterfaceOrientationPortrait UIInterfaceOrientationPortraitUpsideDown UIInterfaceOrientationLandscapeLeft UIInterfaceOrientationLandscapeRight";
				INFOPLIST_KEY_UISupportedInterfaceOrientations_iPhone = "UIInterfaceOrientationPortrait UIInterfaceOrientationLandscapeLeft UIInterfaceOrientationLandscapeRight";
				IPHONEOS_DEPLOYMENT_TARGET = 14.0;
				LD_RUNPATH_SEARCH_PATHS = (
					"$(inherited)",
					"@executable_path/Frameworks",
				);
				MARKETING_VERSION = 1.0;
				PRODUCT_BUNDLE_IDENTIFIER = "com.J-Min.Grouping";
				PRODUCT_NAME = "$(TARGET_NAME)";
				SWIFT_EMIT_LOC_STRINGS = YES;
				SWIFT_VERSION = 5.0;
				TARGETED_DEVICE_FAMILY = "1,2";
			};
			name = Release;
		};
/* End XCBuildConfiguration section */

/* Begin XCConfigurationList section */
		0E6CC3192A5AA09000BE97AD /* Build configuration list for PBXProject "Grouping" */ = {
			isa = XCConfigurationList;
			buildConfigurations = (
				0E6CC32A2A5AA09100BE97AD /* Debug */,
				0E6CC32B2A5AA09100BE97AD /* Release */,
			);
			defaultConfigurationIsVisible = 0;
			defaultConfigurationName = Release;
		};
		0E6CC32C2A5AA09100BE97AD /* Build configuration list for PBXNativeTarget "Grouping" */ = {
			isa = XCConfigurationList;
			buildConfigurations = (
				0E6CC32D2A5AA09100BE97AD /* Debug */,
				0E6CC32E2A5AA09100BE97AD /* Release */,
			);
			defaultConfigurationIsVisible = 0;
			defaultConfigurationName = Release;
		};
/* End XCConfigurationList section */
	};
	rootObject = 0E6CC3162A5AA09000BE97AD /* Project object */;
}
